
Microsoft Visual Studio Solution File, Format Version 12.00
# Visual Studio Version 17
VisualStudioVersion = 17.12.35527.113 d17.12
MinimumVisualStudioVersion = 10.0.40219.1
Project("{FAE04EC0-301F-11D3-BF4B-00C04F79EFBC}") = "SmartInventoryManagmentSystems", "SmartInventoryManagmentSystems\SmartInventoryManagmentSystems.csproj", "{6870BE51-3539-463D-8C05-272843B44B92}"
EndProject
Project("{2150E333-8FDC-42A3-9474-1A3956D46DE8}") = "Solution Items", "Solution Items", "{6F09F2E2-0F0F-4DE9-86B6-96AAD60A2D94}"
	ProjectSection(SolutionItems) = preProject
		Models.cs = Models.cs
		Startup.cs = Startup.cs
	EndProjectSection
EndProject
Global
	GlobalSection(SolutionConfigurationPlatforms) = preSolution
		Debug|Any CPU = Debug|Any CPU
		Release|Any CPU = Release|Any CPU
	EndGlobalSection
	GlobalSection(ProjectConfigurationPlatforms) = postSolution
		{6870BE51-3539-463D-8C05-272843B44B92}.Debug|Any CPU.ActiveCfg = Debug|Any CPU
		{6870BE51-3539-463D-8C05-272843B44B92}.Debug|Any CPU.Build.0 = Debug|Any CPU
		{6870BE51-3539-463D-8C05-272843B44B92}.Release|Any CPU.ActiveCfg = Release|Any CPU
		{6870BE51-3539-463D-8C05-272843B44B92}.Release|Any CPU.Build.0 = Release|Any CPU
	EndGlobalSection
	GlobalSection(SolutionProperties) = preSolution
		HideSolutionNode = FALSE
	EndGlobalSection
EndGlobal
